
Microsoft Visual Studio Solution File, Format Version 12.00
# Visual Studio Version 17
VisualStudioVersion = 17.14.36310.24 d17.14
MinimumVisualStudioVersion = 10.0.40219.1
Project("{FAE04EC0-301F-11D3-BF4B-00C04F79EFBC}") = "DotnetPlayground.Common", "shared\common\DotnetPlayground.Common\DotnetPlayground.Common.csproj", "{055EF0C0-6018-422C-A422-2BD364BDDA98}"
EndProject
Project("{2150E333-8FDC-42A3-9474-1A3956D46DE8}") = "Performance", "Performance", "{02EA681E-C7D8-13C7-8484-4AC65E1B71E8}"
EndProject
Project("{2150E333-8FDC-42A3-9474-1A3956D46DE8}") = "n-plus-one-round-trips", "n-plus-one-round-trips", "{6B9239B4-2F2E-4EAE-B04A-5BE9B32D7890}"
EndProject
Project("{FAE04EC0-301F-11D3-BF4B-00C04F79EFBC}") = "NPlusOneRoundTrips.Core", "cases\performance\n-plus-one-round-trips\src\NPlusOneRoundTrips.Core\NPlusOneRoundTrips.Core.csproj", "{11E72AF9-EF87-4647-8596-81B6A2C2C079}"
EndProject
Project("{FAE04EC0-301F-11D3-BF4B-00C04F79EFBC}") = "NPlusOneRoundTrips.Console", "cases\performance\n-plus-one-round-trips\src\NPlusOneRoundTrips.Console\NPlusOneRoundTrips.Console.csproj", "{6D65B7C3-968A-44CC-AA58-1B2F9B0083F7}"
EndProject
Project("{FAE04EC0-301F-11D3-BF4B-00C04F79EFBC}") = "NPlusOneRoundTrips.Infrastructure.Sqlite", "cases\performance\n-plus-one-round-trips\src\NPlusOneRoundTrips.Infrastructure.Sqlite\NPlusOneRoundTrips.Infrastructure.Sqlite.csproj", "{C81ECF48-3AE8-446F-AB97-815651C3D848}"
EndProject
Global
	GlobalSection(SolutionConfigurationPlatforms) = preSolution
		Debug|Any CPU = Debug|Any CPU
		Release|Any CPU = Release|Any CPU
	EndGlobalSection
	GlobalSection(ProjectConfigurationPlatforms) = postSolution
		{055EF0C0-6018-422C-A422-2BD364BDDA98}.Debug|Any CPU.ActiveCfg = Debug|Any CPU
		{055EF0C0-6018-422C-A422-2BD364BDDA98}.Debug|Any CPU.Build.0 = Debug|Any CPU
		{055EF0C0-6018-422C-A422-2BD364BDDA98}.Release|Any CPU.ActiveCfg = Release|Any CPU
		{055EF0C0-6018-422C-A422-2BD364BDDA98}.Release|Any CPU.Build.0 = Release|Any CPU
		{11E72AF9-EF87-4647-8596-81B6A2C2C079}.Debug|Any CPU.ActiveCfg = Debug|Any CPU
		{11E72AF9-EF87-4647-8596-81B6A2C2C079}.Debug|Any CPU.Build.0 = Debug|Any CPU
		{11E72AF9-EF87-4647-8596-81B6A2C2C079}.Release|Any CPU.ActiveCfg = Release|Any CPU
		{11E72AF9-EF87-4647-8596-81B6A2C2C079}.Release|Any CPU.Build.0 = Release|Any CPU
		{6D65B7C3-968A-44CC-AA58-1B2F9B0083F7}.Debug|Any CPU.ActiveCfg = Debug|Any CPU
		{6D65B7C3-968A-44CC-AA58-1B2F9B0083F7}.Debug|Any CPU.Build.0 = Debug|Any CPU
		{6D65B7C3-968A-44CC-AA58-1B2F9B0083F7}.Release|Any CPU.ActiveCfg = Release|Any CPU
		{6D65B7C3-968A-44CC-AA58-1B2F9B0083F7}.Release|Any CPU.Build.0 = Release|Any CPU
		{C81ECF48-3AE8-446F-AB97-815651C3D848}.Debug|Any CPU.ActiveCfg = Debug|Any CPU
		{C81ECF48-3AE8-446F-AB97-815651C3D848}.Debug|Any CPU.Build.0 = Debug|Any CPU
		{C81ECF48-3AE8-446F-AB97-815651C3D848}.Release|Any CPU.ActiveCfg = Release|Any CPU
		{C81ECF48-3AE8-446F-AB97-815651C3D848}.Release|Any CPU.Build.0 = Release|Any CPU
	EndGlobalSection
	GlobalSection(SolutionProperties) = preSolution
		HideSolutionNode = FALSE
	EndGlobalSection
	GlobalSection(NestedProjects) = preSolution
		{6B9239B4-2F2E-4EAE-B04A-5BE9B32D7890} = {02EA681E-C7D8-13C7-8484-4AC65E1B71E8}
		{11E72AF9-EF87-4647-8596-81B6A2C2C079} = {6B9239B4-2F2E-4EAE-B04A-5BE9B32D7890}
		{6D65B7C3-968A-44CC-AA58-1B2F9B0083F7} = {6B9239B4-2F2E-4EAE-B04A-5BE9B32D7890}
		{C81ECF48-3AE8-446F-AB97-815651C3D848} = {6B9239B4-2F2E-4EAE-B04A-5BE9B32D7890}
	EndGlobalSection
	GlobalSection(ExtensibilityGlobals) = postSolution
		SolutionGuid = {A0959BE1-0128-48E5-864F-42529A1AA4DE}
	EndGlobalSection
EndGlobal
